version: v0.162.0
dependencies:
- name: gitea
  repository: https://dl.gitea.com/charts
  version: 10.1.1
- name: harbor
  repository: https://helm.goharbor.io
  version: 1.14.1
- name: ingress-nginx
  repository: https://kubernetes.github.io/ingress-nginx
  version: 4.9.1
- name: jenkins
  repository: https://charts.jenkins.io
  version: 5.0.14
digest: sha256:cb97632b96dc81e0fc7dbd124938597ecb850133834905a3b6686cdf2436b895
generated: "2024-11-26T08:40:23.072295593-03:00"
